
Microsoft Visual Studio Solution File, Format Version 12.00
# Visual Studio Version 17
VisualStudioVersion = 17.9.34616.47
MinimumVisualStudioVersion = 10.0.40219.1
Project("{9A19103F-16F7-4668-BE54-9A1E7A4F7556}") = "dotNetBddFramework_SpecFlow", "dotNetBddFramework_SpecFlow\dotNetBddFramework_SpecFlow.csproj", "{3D62735F-9472-462D-95AA-7016E442505B}"
EndProject
Project("{FAE04EC0-301F-11D3-BF4B-00C04F79EFBC}") = "Core", "Core\Core.csproj", "{8D53EEDA-E788-4228-8585-B1E018386D74}"
EndProject
Project("{FAE04EC0-301F-11D3-BF4B-00C04F79EFBC}") = "PageObjects", "PageObjects\PageObjects.csproj", "{3D439E7E-5A03-48DA-A2BD-1B2E28A0093E}"
EndProject
Global
	GlobalSection(SolutionConfigurationPlatforms) = preSolution
		Debug|Any CPU = Debug|Any CPU
		Release|Any CPU = Release|Any CPU
	EndGlobalSection
	GlobalSection(ProjectConfigurationPlatforms) = postSolution
		{3D62735F-9472-462D-95AA-7016E442505B}.Debug|Any CPU.ActiveCfg = Debug|Any CPU
		{3D62735F-9472-462D-95AA-7016E442505B}.Debug|Any CPU.Build.0 = Debug|Any CPU
		{3D62735F-9472-462D-95AA-7016E442505B}.Release|Any CPU.ActiveCfg = Release|Any CPU
		{3D62735F-9472-462D-95AA-7016E442505B}.Release|Any CPU.Build.0 = Release|Any CPU
		{8D53EEDA-E788-4228-8585-B1E018386D74}.Debug|Any CPU.ActiveCfg = Debug|Any CPU
		{8D53EEDA-E788-4228-8585-B1E018386D74}.Debug|Any CPU.Build.0 = Debug|Any CPU
		{8D53EEDA-E788-4228-8585-B1E018386D74}.Release|Any CPU.ActiveCfg = Release|Any CPU
		{8D53EEDA-E788-4228-8585-B1E018386D74}.Release|Any CPU.Build.0 = Release|Any CPU
		{3D439E7E-5A03-48DA-A2BD-1B2E28A0093E}.Debug|Any CPU.ActiveCfg = Debug|Any CPU
		{3D439E7E-5A03-48DA-A2BD-1B2E28A0093E}.Debug|Any CPU.Build.0 = Debug|Any CPU
		{3D439E7E-5A03-48DA-A2BD-1B2E28A0093E}.Release|Any CPU.ActiveCfg = Release|Any CPU
		{3D439E7E-5A03-48DA-A2BD-1B2E28A0093E}.Release|Any CPU.Build.0 = Release|Any CPU
	EndGlobalSection
	GlobalSection(SolutionProperties) = preSolution
		HideSolutionNode = FALSE
	EndGlobalSection
	GlobalSection(ExtensibilityGlobals) = postSolution
		SolutionGuid = {2CA425CB-5982-4EAA-BDB9-30672BC559CA}
	EndGlobalSection
EndGlobal
